{
    "name": "node-red-project",
    "version": "0.0.1",
    "lockfileVersion": 3,
    "requires": true,
    "packages": {
        "": {
            "name": "node-red-project",
            "version": "0.0.1",
            "dependencies": {
                "@studiobox/node-red-contrib-ui-widget-thermometer": "~0.7.7"
            }
        },
        "node_modules/@studiobox/node-red-contrib-ui-widget-thermometer": {
            "version": "0.7.7",
            "resolved": "https://registry.npmjs.org/@studiobox/node-red-contrib-ui-widget-thermometer/-/node-red-contrib-ui-widget-thermometer-0.7.7.tgz",
            "integrity": "sha512-ORTI651UmyNbMloo/+WigAJb0WSLR797HgIUMDxVGcLDPcx/J9Ht58A3SsTe6T9IsKJagIsRolIrjOwqWjxplA==",
            "engines": {
                "node": ">=12.0.0"
            }
        }
    }
}
